// !$*UTF8*$!
{
	archiveVersion = 1;
	classes = {
	};
	objectVersion = 56;
	objects = {

/* Begin PBXBuildFile section */
		1F5731A62AB28455002E9A5D /* act4App.swift in Sources */ = {isa = PBXBuildFile; fileRef = 1F5731A52AB28455002E9A5D /* act4App.swift */; };
		1F5731A82AB28455002E9A5D /* ContentView.swift in Sources */ = {isa = PBXBuildFile; fileRef = 1F5731A72AB28455002E9A5D /* ContentView.swift */; };
		1F5731AA2AB28457002E9A5D /* Assets.xcassets in Resources */ = {isa = PBXBuildFile; fileRef = 1F5731A92AB28457002E9A5D /* Assets.xcassets */; };
		1F5731AD2AB28457002E9A5D /* Preview Assets.xcassets in Resources */ = {isa = PBXBuildFile; fileRef = 1F5731AC2AB28457002E9A5D /* Preview Assets.xcassets */; };
		1F5731B72AB28458002E9A5D /* act4Tests.swift in Sources */ = {isa = PBXBuildFile; fileRef = 1F5731B62AB28458002E9A5D /* act4Tests.swift */; };
		1F5731C12AB28458002E9A5D /* act4UITests.swift in Sources */ = {isa = PBXBuildFile; fileRef = 1F5731C02AB28458002E9A5D /* act4UITests.swift */; };
		1F5731C32AB28458002E9A5D /* act4UITestsLaunchTests.swift in Sources */ = {isa = PBXBuildFile; fileRef = 1F5731C22AB28458002E9A5D /* act4UITestsLaunchTests.swift */; };
/* End PBXBuildFile section */

/* Begin PBXContainerItemProxy section */
		1F5731B32AB28458002E9A5D /* PBXContainerItemProxy */ = {
			isa = PBXContainerItemProxy;
			containerPortal = 1F57319A2AB28455002E9A5D /* Project object */;
			proxyType = 1;
			remoteGlobalIDString = 1F5731A12AB28455002E9A5D;
			remoteInfo = act4;
		};
		1F5731BD2AB28458002E9A5D /* PBXContainerItemProxy */ = {
			isa = PBXContainerItemProxy;
			containerPortal = 1F57319A2AB28455002E9A5D /* Project object */;
			proxyType = 1;
			remoteGlobalIDString = 1F5731A12AB28455002E9A5D;
			remoteInfo = act4;
		};
/* End PBXContainerItemProxy section */

/* Begin PBXFileReference section */
		1F5731A22AB28455002E9A5D /* act4.app */ = {isa = PBXFileReference; explicitFileType = wrapper.application; includeInIndex = 0; path = act4.app; sourceTree = BUILT_PRODUCTS_DIR; };
		1F5731A52AB28455002E9A5D /* act4App.swift */ = {isa = PBXFileReference; lastKnownFileType = sourcecode.swift; path = act4App.swift; sourceTree = "<group>"; };
		1F5731A72AB28455002E9A5D /* ContentView.swift */ = {isa = PBXFileReference; lastKnownFileType = sourcecode.swift; path = ContentView.swift; sourceTree = "<group>"; };
		1F5731A92AB28457002E9A5D /* Assets.xcassets */ = {isa = PBXFileReference; lastKnownFileType = folder.assetcatalog; path = Assets.xcassets; sourceTree = "<group>"; };
		1F5731AC2AB28457002E9A5D /* Preview Assets.xcassets */ = {isa = PBXFileReference; lastKnownFileType = folder.assetcatalog; path = "Preview Assets.xcassets"; sourceTree = "<group>"; };
		1F5731B22AB28458002E9A5D /* act4Tests.xctest */ = {isa = PBXFileReference; explicitFileType = wrapper.cfbundle; includeInIndex = 0; path = act4Tests.xctest; sourceTree = BUILT_PRODUCTS_DIR; };
		1F5731B62AB28458002E9A5D /* act4Tests.swift */ = {isa = PBXFileReference; lastKnownFileType = sourcecode.swift; path = act4Tests.swift; sourceTree = "<group>"; };
		1F5731BC2AB28458002E9A5D /* act4UITests.xctest */ = {isa = PBXFileReference; explicitFileType = wrapper.cfbundle; includeInIndex = 0; path = act4UITests.xctest; sourceTree = BUILT_PRODUCTS_DIR; };
		1F5731C02AB28458002E9A5D /* act4UITests.swift */ = {isa = PBXFileReference; lastKnownFileType = sourcecode.swift; path = act4UITests.swift; sourceTree = "<group>"; };
		1F5731C22AB28458002E9A5D /* act4UITestsLaunchTests.swift */ = {isa = PBXFileReference; lastKnownFileType = sourcecode.swift; path = act4UITestsLaunchTests.swift; sourceTree = "<group>"; };
/* End PBXFileReference section */

/* Begin PBXFrameworksBuildPhase section */
		1F57319F2AB28455002E9A5D /* Frameworks */ = {
			isa = PBXFrameworksBuildPhase;
			buildActionMask = 2147483647;
			files = (
			);
			runOnlyForDeploymentPostprocessing = 0;
		};
		1F5731AF2AB28458002E9A5D /* Frameworks */ = {
			isa = PBXFrameworksBuildPhase;
			buildActionMask = 2147483647;
			files = (
			);
			runOnlyForDeploymentPostprocessing = 0;
		};
		1F5731B92AB28458002E9A5D /* Frameworks */ = {
			isa = PBXFrameworksBuildPhase;
			buildActionMask = 2147483647;
			files = (
			);
			runOnlyForDeploymentPostprocessing = 0;
		};
/* End PBXFrameworksBuildPhase section */

/* Begin PBXGroup section */
		1F5731992AB28455002E9A5D = {
			isa = PBXGroup;
			children = (
				1F5731A42AB28455002E9A5D /* act4 */,
				1F5731B52AB28458002E9A5D /* act4Tests */,
				1F5731BF2AB28458002E9A5D /* act4UITests */,
				1F5731A32AB28455002E9A5D /* Products */,
			);
			sourceTree = "<group>";
		};
		1F5731A32AB28455002E9A5D /* Products */ = {
			isa = PBXGroup;
			children = (
				1F5731A22AB28455002E9A5D /* act4.app */,
				1F5731B22AB28458002E9A5D /* act4Tests.xctest */,
				1F5731BC2AB28458002E9A5D /* act4UITests.xctest */,
			);
			name = Products;
			sourceTree = "<group>";
		};
		1F5731A42AB28455002E9A5D /* act4 */ = {
			isa = PBXGroup;
			children = (
				1F5731A52AB28455002E9A5D /* act4App.swift */,
				1F5731A72AB28455002E9A5D /* ContentView.swift */,
				1F5731A92AB28457002E9A5D /* Assets.xcassets */,
				1F5731AB2AB28457002E9A5D /* Preview Content */,
			);
			path = act4;
			sourceTree = "<group>";
		};
		1F5731AB2AB28457002E9A5D /* Preview Content */ = {
			isa = PBXGroup;
			children = (
				1F5731AC2AB28457002E9A5D /* Preview Assets.xcassets */,
			);
			path = "Preview Content";
			sourceTree = "<group>";
		};
		1F5731B52AB28458002E9A5D /* act4Tests */ = {
			isa = PBXGroup;
			children = (
				1F5731B62AB28458002E9A5D /* act4Tests.swift */,
			);
			path = act4Tests;
			sourceTree = "<group>";
		};
		1F5731BF2AB28458002E9A5D /* act4UITests */ = {
			isa = PBXGroup;
			children = (
				1F5731C02AB28458002E9A5D /* act4UITests.swift */,
				1F5731C22AB28458002E9A5D /* act4UITestsLaunchTests.swift */,
			);
			path = act4UITests;
			sourceTree = "<group>";
		};
/* End PBXGroup section */

/* Begin PBXNativeTarget section */
		1F5731A12AB28455002E9A5D /* act4 */ = {
			isa = PBXNativeTarget;
			buildConfigurationList = 1F5731C62AB28458002E9A5D /* Build configuration list for PBXNativeTarget "act4" */;
			buildPhases = (
				1F57319E2AB28455002E9A5D /* Sources */,
				1F57319F2AB28455002E9A5D /* Frameworks */,
				1F5731A02AB28455002E9A5D /* Resources */,
			);
			buildRules = (
			);
			dependencies = (
			);
			name = act4;
			productName = act4;
			productReference = 1F5731A22AB28455002E9A5D /* act4.app */;
			productType = "com.apple.product-type.application";
		};
		1F5731B12AB28458002E9A5D /* act4Tests */ = {
			isa = PBXNativeTarget;
			buildConfigurationList = 1F5731C92AB28458002E9A5D /* Build configuration list for PBXNativeTarget "act4Tests" */;
			buildPhases = (
				1F5731AE2AB28458002E9A5D /* Sources */,
				1F5731AF2AB28458002E9A5D /* Frameworks */,
				1F5731B02AB28458002E9A5D /* Resources */,
			);
			buildRules = (
			);
			dependencies = (
				1F5731B42AB28458002E9A5D /* PBXTargetDependency */,
			);
			name = act4Tests;
			productName = act4Tests;
			productReference = 1F5731B22AB28458002E9A5D /* act4Tests.xctest */;
			productType = "com.apple.product-type.bundle.unit-test";
		};
		1F5731BB2AB28458002E9A5D /* act4UITests */ = {
			isa = PBXNativeTarget;
			buildConfigurationList = 1F5731CC2AB28458002E9A5D /* Build configuration list for PBXNativeTarget "act4UITests" */;
			buildPhases = (
				1F5731B82AB28458002E9A5D /* Sources */,
				1F5731B92AB28458002E9A5D /* Frameworks */,
				1F5731BA2AB28458002E9A5D /* Resources */,
			);
			buildRules = (
			);
			dependencies = (
				1F5731BE2AB28458002E9A5D /* PBXTargetDependency */,
			);
			name = act4UITests;
			productName = act4UITests;
			productReference = 1F5731BC2AB28458002E9A5D /* act4UITests.xctest */;
			productType = "com.apple.product-type.bundle.ui-testing";
		};
/* End PBXNativeTarget section */

/* Begin PBXProject section */
		1F57319A2AB28455002E9A5D /* Project object */ = {
			isa = PBXProject;
			attributes = {
				BuildIndependentTargetsInParallel = 1;
				LastSwiftUpdateCheck = 1420;
				LastUpgradeCheck = 1420;
				TargetAttributes = {
					1F5731A12AB28455002E9A5D = {
						CreatedOnToolsVersion = 14.2;
					};
					1F5731B12AB28458002E9A5D = {
						CreatedOnToolsVersion = 14.2;
						TestTargetID = 1F5731A12AB28455002E9A5D;
					};
					1F5731BB2AB28458002E9A5D = {
						CreatedOnToolsVersion = 14.2;
						TestTargetID = 1F5731A12AB28455002E9A5D;
					};
				};
			};
			buildConfigurationList = 1F57319D2AB28455002E9A5D /* Build configuration list for PBXProject "act4" */;
			compatibilityVersion = "Xcode 14.0";
			developmentRegion = en;
			hasScannedForEncodings = 0;
			knownRegions = (
				en,
				Base,
			);
			mainGroup = 1F5731992AB28455002E9A5D;
			productRefGroup = 1F5731A32AB28455002E9A5D /* Products */;
			projectDirPath = "";
			projectRoot = "";
			targets = (
				1F5731A12AB28455002E9A5D /* act4 */,
				1F5731B12AB28458002E9A5D /* act4Tests */,
				1F5731BB2AB28458002E9A5D /* act4UITests */,
			);
		};
/* End PBXProject section */

/* Begin PBXResourcesBuildPhase section */
		1F5731A02AB28455002E9A5D /* Resources */ = {
			isa = PBXResourcesBuildPhase;
			buildActionMask = 2147483647;
			files = (
				1F5731AD2AB28457002E9A5D /* Preview Assets.xcassets in Resources */,
				1F5731AA2AB28457002E9A5D /* Assets.xcassets in Resources */,
			);
			runOnlyForDeploymentPostprocessing = 0;
		};
		1F5731B02AB28458002E9A5D /* Resources */ = {
			isa = PBXResourcesBuildPhase;
			buildActionMask = 2147483647;
			files = (
			);
			runOnlyForDeploymentPostprocessing = 0;
		};
		1F5731BA2AB28458002E9A5D /* Resources */ = {
			isa = PBXResourcesBuildPhase;
			buildActionMask = 2147483647;
			files = (
			);
			runOnlyForDeploymentPostprocessing = 0;
		};
/* End PBXResourcesBuildPhase section */

/* Begin PBXSourcesBuildPhase section */
		1F57319E2AB28455002E9A5D /* Sources */ = {
			isa = PBXSourcesBuildPhase;
			buildActionMask = 2147483647;
			files = (
				1F5731A82AB28455002E9A5D /* ContentView.swift in Sources */,
				1F5731A62AB28455002E9A5D /* act4App.swift in Sources */,
			);
			runOnlyForDeploymentPostprocessing = 0;
		};
		1F5731AE2AB28458002E9A5D /* Sources */ = {
			isa = PBXSourcesBuildPhase;
			buildActionMask = 2147483647;
			files = (
				1F5731B72AB28458002E9A5D /* act4Tests.swift in Sources */,
			);
			runOnlyForDeploymentPostprocessing = 0;
		};
		1F5731B82AB28458002E9A5D /* Sources */ = {
			isa = PBXSourcesBuildPhase;
			buildActionMask = 2147483647;
			files = (
				1F5731C32AB28458002E9A5D /* act4UITestsLaunchTests.swift in Sources */,
				1F5731C12AB28458002E9A5D /* act4UITests.swift in Sources */,
			);
			runOnlyForDeploymentPostprocessing = 0;
		};
/* End PBXSourcesBuildPhase section */

/* Begin PBXTargetDependency section */
		1F5731B42AB28458002E9A5D /* PBXTargetDependency */ = {
			isa = PBXTargetDependency;
			target = 1F5731A12AB28455002E9A5D /* act4 */;
			targetProxy = 1F5731B32AB28458002E9A5D /* PBXContainerItemProxy */;
		};
		1F5731BE2AB28458002E9A5D /* PBXTargetDependency */ = {
			isa = PBXTargetDependency;
			target = 1F5731A12AB28455002E9A5D /* act4 */;
			targetProxy = 1F5731BD2AB28458002E9A5D /* PBXContainerItemProxy */;
		};
/* End PBXTargetDependency section */

/* Begin XCBuildConfiguration section */
		1F5731C42AB28458002E9A5D /* Debug */ = {
			isa = XCBuildConfiguration;
			buildSettings = {
				ALWAYS_SEARCH_USER_PATHS = NO;
				CLANG_ANALYZER_NONNULL = YES;
				CLANG_ANALYZER_NUMBER_OBJECT_CONVERSION = YES_AGGRESSIVE;
				CLANG_CXX_LANGUAGE_STANDARD = "gnu++20";
				CLANG_ENABLE_MODULES = YES;
				CLANG_ENABLE_OBJC_ARC = YES;
				CLANG_ENABLE_OBJC_WEAK = YES;
				CLANG_WARN_BLOCK_CAPTURE_AUTORELEASING = YES;
				CLANG_WARN_BOOL_CONVERSION = YES;
				CLANG_WARN_COMMA = YES;
				CLANG_WARN_CONSTANT_CONVERSION = YES;
				CLANG_WARN_DEPRECATED_OBJC_IMPLEMENTATIONS = YES;
				CLANG_WARN_DIRECT_OBJC_ISA_USAGE = YES_ERROR;
				CLANG_WARN_DOCUMENTATION_COMMENTS = YES;
				CLANG_WARN_EMPTY_BODY = YES;
				CLANG_WARN_ENUM_CONVERSION = YES;
				CLANG_WARN_INFINITE_RECURSION = YES;
				CLANG_WARN_INT_CONVERSION = YES;
				CLANG_WARN_NON_LITERAL_NULL_CONVERSION = YES;
				CLANG_WARN_OBJC_IMPLICIT_RETAIN_SELF = YES;
				CLANG_WARN_OBJC_LITERAL_CONVERSION = YES;
				CLANG_WARN_OBJC_ROOT_CLASS = YES_ERROR;
				CLANG_WARN_QUOTED_INCLUDE_IN_FRAMEWORK_HEADER = YES;
				CLANG_WARN_RANGE_LOOP_ANALYSIS = YES;
				CLANG_WARN_STRICT_PROTOTYPES = YES;
				CLANG_WARN_SUSPICIOUS_MOVE = YES;
				CLANG_WARN_UNGUARDED_AVAILABILITY = YES_AGGRESSIVE;
				CLANG_WARN_UNREACHABLE_CODE = YES;
				CLANG_WARN__DUPLICATE_METHOD_MATCH = YES;
				COPY_PHASE_STRIP = NO;
				DEBUG_INFORMATION_FORMAT = dwarf;
				ENABLE_STRICT_OBJC_MSGSEND = YES;
				ENABLE_TESTABILITY = YES;
				GCC_C_LANGUAGE_STANDARD = gnu11;
				GCC_DYNAMIC_NO_PIC = NO;
				GCC_NO_COMMON_BLOCKS = YES;
				GCC_OPTIMIZATION_LEVEL = 0;
				GCC_PREPROCESSOR_DEFINITIONS = (
					"DEBUG=1",
					"$(inherited)",
				);
				GCC_WARN_64_TO_32_BIT_CONVERSION = YES;
				GCC_WARN_ABOUT_RETURN_TYPE = YES_ERROR;
				GCC_WARN_UNDECLARED_SELECTOR = YES;
				GCC_WARN_UNINITIALIZED_AUTOS = YES_AGGRESSIVE;
				GCC_WARN_UNUSED_FUNCTION = YES;
				GCC_WARN_UNUSED_VARIABLE = YES;
				IPHONEOS_DEPLOYMENT_TARGET = 16.2;
				MTL_ENABLE_DEBUG_INFO = INCLUDE_SOURCE;
				MTL_FAST_MATH = YES;
				ONLY_ACTIVE_ARCH = YES;
				SDKROOT = iphoneos;
				SWIFT_ACTIVE_COMPILATION_CONDITIONS = DEBUG;
				SWIFT_OPTIMIZATION_LEVEL = "-Onone";
			};
			name = Debug;
		};
		1F5731C52AB28458002E9A5D /* Release */ = {
			isa = XCBuildConfiguration;
			buildSettings = {
				ALWAYS_SEARCH_USER_PATHS = NO;
				CLANG_ANALYZER_NONNULL = YES;
				CLANG_ANALYZER_NUMBER_OBJECT_CONVERSION = YES_AGGRESSIVE;
				CLANG_CXX_LANGUAGE_STANDARD = "gnu++20";
				CLANG_ENABLE_MODULES = YES;
				CLANG_ENABLE_OBJC_ARC = YES;
				CLANG_ENABLE_OBJC_WEAK = YES;
				CLANG_WARN_BLOCK_CAPTURE_AUTORELEASING = YES;
				CLANG_WARN_BOOL_CONVERSION = YES;
				CLANG_WARN_COMMA = YES;
				CLANG_WARN_CONSTANT_CONVERSION = YES;
				CLANG_WARN_DEPRECATED_OBJC_IMPLEMENTATIONS = YES;
				CLANG_WARN_DIRECT_OBJC_ISA_USAGE = YES_ERROR;
				CLANG_WARN_DOCUMENTATION_COMMENTS = YES;
				CLANG_WARN_EMPTY_BODY = YES;
				CLANG_WARN_ENUM_CONVERSION = YES;
				CLANG_WARN_INFINITE_RECURSION = YES;
				CLANG_WARN_INT_CONVERSION = YES;
				CLANG_WARN_NON_LITERAL_NULL_CONVERSION = YES;
				CLANG_WARN_OBJC_IMPLICIT_RETAIN_SELF = YES;
				CLANG_WARN_OBJC_LITERAL_CONVERSION = YES;
				CLANG_WARN_OBJC_ROOT_CLASS = YES_ERROR;
				CLANG_WARN_QUOTED_INCLUDE_IN_FRAMEWORK_HEADER = YES;
				CLANG_WARN_RANGE_LOOP_ANALYSIS = YES;
				CLANG_WARN_STRICT_PROTOTYPES = YES;
				CLANG_WARN_SUSPICIOUS_MOVE = YES;
				CLANG_WARN_UNGUARDED_AVAILABILITY = YES_AGGRESSIVE;
				CLANG_WARN_UNREACHABLE_CODE = YES;
				CLANG_WARN__DUPLICATE_METHOD_MATCH = YES;
				COPY_PHASE_STRIP = NO;
				DEBUG_INFORMATION_FORMAT = "dwarf-with-dsym";
				ENABLE_NS_ASSERTIONS = NO;
				ENABLE_STRICT_OBJC_MSGSEND = YES;
				GCC_C_LANGUAGE_STANDARD = gnu11;
				GCC_NO_COMMON_BLOCKS = YES;
				GCC_WARN_64_TO_32_BIT_CONVERSION = YES;
				GCC_WARN_ABOUT_RETURN_TYPE = YES_ERROR;
				GCC_WARN_UNDECLARED_SELECTOR = YES;
				GCC_WARN_UNINITIALIZED_AUTOS = YES_AGGRESSIVE;
				GCC_WARN_UNUSED_FUNCTION = YES;
				GCC_WARN_UNUSED_VARIABLE = YES;
				IPHONEOS_DEPLOYMENT_TARGET = 16.2;
				MTL_ENABLE_DEBUG_INFO = NO;
				MTL_FAST_MATH = YES;
				SDKROOT = iphoneos;
				SWIFT_COMPILATION_MODE = wholemodule;
				SWIFT_OPTIMIZATION_LEVEL = "-O";
				VALIDATE_PRODUCT = YES;
			};
			name = Release;
		};
		1F5731C72AB28458002E9A5D /* Debug */ = {
			isa = XCBuildConfiguration;
			buildSettings = {
				ASSETCATALOG_COMPILER_APPICON_NAME = AppIcon;
				ASSETCATALOG_COMPILER_GLOBAL_ACCENT_COLOR_NAME = AccentColor;
				CODE_SIGN_STYLE = Automatic;
				CURRENT_PROJECT_VERSION = 1;
				DEVELOPMENT_ASSET_PATHS = "\"act4/Preview Content\"";
				ENABLE_PREVIEWS = YES;
				GENERATE_INFOPLIST_FILE = YES;
				INFOPLIST_KEY_UIApplicationSceneManifest_Generation = YES;
				INFOPLIST_KEY_UIApplicationSupportsIndirectInputEvents = YES;
				INFOPLIST_KEY_UILaunchScreen_Generation = YES;
				INFOPLIST_KEY_UISupportedInterfaceOrientations_iPad = "UIInterfaceOrientationPortrait UIInterfaceOrientationPortraitUpsideDown UIInterfaceOrientationLandscapeLeft UIInterfaceOrientationLandscapeRight";
				INFOPLIST_KEY_UISupportedInterfaceOrientations_iPhone = "UIInterfaceOrientationPortrait UIInterfaceOrientationLandscapeLeft UIInterfaceOrientationLandscapeRight";
				LD_RUNPATH_SEARCH_PATHS = (
					"$(inherited)",
					"@executable_path/Frameworks",
				);
				MARKETING_VERSION = 1.0;
				PRODUCT_BUNDLE_IDENTIFIER = fermaguzz.act4;
				PRODUCT_NAME = "$(TARGET_NAME)";
				SWIFT_EMIT_LOC_STRINGS = YES;
				SWIFT_VERSION = 5.0;
				TARGETED_DEVICE_FAMILY = "1,2";
			};
			name = Debug;
		};
		1F5731C82AB28458002E9A5D /* Release */ = {
			isa = XCBuildConfiguration;
			buildSettings = {
				ASSETCATALOG_COMPILER_APPICON_NAME = AppIcon;
				ASSETCATALOG_COMPILER_GLOBAL_ACCENT_COLOR_NAME = AccentColor;
				CODE_SIGN_STYLE = Automatic;
				CURRENT_PROJECT_VERSION = 1;
				DEVELOPMENT_ASSET_PATHS = "\"act4/Preview Content\"";
				ENABLE_PREVIEWS = YES;
				GENERATE_INFOPLIST_FILE = YES;
				INFOPLIST_KEY_UIApplicationSceneManifest_Generation = YES;
				INFOPLIST_KEY_UIApplicationSupportsIndirectInputEvents = YES;
				INFOPLIST_KEY_UILaunchScreen_Generation = YES;
				INFOPLIST_KEY_UISupportedInterfaceOrientations_iPad = "UIInterfaceOrientationPortrait UIInterfaceOrientationPortraitUpsideDown UIInterfaceOrientationLandscapeLeft UIInterfaceOrientationLandscapeRight";
				INFOPLIST_KEY_UISupportedInterfaceOrientations_iPhone = "UIInterfaceOrientationPortrait UIInterfaceOrientationLandscapeLeft UIInterfaceOrientationLandscapeRight";
				LD_RUNPATH_SEARCH_PATHS = (
					"$(inherited)",
					"@executable_path/Frameworks",
				);
				MARKETING_VERSION = 1.0;
				PRODUCT_BUNDLE_IDENTIFIER = fermaguzz.act4;
				PRODUCT_NAME = "$(TARGET_NAME)";
				SWIFT_EMIT_LOC_STRINGS = YES;
				SWIFT_VERSION = 5.0;
				TARGETED_DEVICE_FAMILY = "1,2";
			};
			name = Release;
		};
		1F5731CA2AB28458002E9A5D /* Debug */ = {
			isa = XCBuildConfiguration;
			buildSettings = {
				ALWAYS_EMBED_SWIFT_STANDARD_LIBRARIES = YES;
				BUNDLE_LOADER = "$(TEST_HOST)";
				CODE_SIGN_STYLE = Automatic;
				CURRENT_PROJECT_VERSION = 1;
				GENERATE_INFOPLIST_FILE = YES;
				IPHONEOS_DEPLOYMENT_TARGET = 16.2;
				MARKETING_VERSION = 1.0;
				PRODUCT_BUNDLE_IDENTIFIER = fermaguzz.act4Tests;
				PRODUCT_NAME = "$(TARGET_NAME)";
				SWIFT_EMIT_LOC_STRINGS = NO;
				SWIFT_VERSION = 5.0;
				TARGETED_DEVICE_FAMILY = "1,2";
				TEST_HOST = "$(BUILT_PRODUCTS_DIR)/act4.app/$(BUNDLE_EXECUTABLE_FOLDER_PATH)/act4";
			};
			name = Debug;
		};
		1F5731CB2AB28458002E9A5D /* Release */ = {
			isa = XCBuildConfiguration;
			buildSettings = {
				ALWAYS_EMBED_SWIFT_STANDARD_LIBRARIES = YES;
				BUNDLE_LOADER = "$(TEST_HOST)";
				CODE_SIGN_STYLE = Automatic;
				CURRENT_PROJECT_VERSION = 1;
				GENERATE_INFOPLIST_FILE = YES;
				IPHONEOS_DEPLOYMENT_TARGET = 16.2;
				MARKETING_VERSION = 1.0;
				PRODUCT_BUNDLE_IDENTIFIER = fermaguzz.act4Tests;
				PRODUCT_NAME = "$(TARGET_NAME)";
				SWIFT_EMIT_LOC_STRINGS = NO;
				SWIFT_VERSION = 5.0;
				TARGETED_DEVICE_FAMILY = "1,2";
				TEST_HOST = "$(BUILT_PRODUCTS_DIR)/act4.app/$(BUNDLE_EXECUTABLE_FOLDER_PATH)/act4";
			};
			name = Release;
		};
		1F5731CD2AB28458002E9A5D /* Debug */ = {
			isa = XCBuildConfiguration;
			buildSettings = {
				ALWAYS_EMBED_SWIFT_STANDARD_LIBRARIES = YES;
				CODE_SIGN_STYLE = Automatic;
				CURRENT_PROJECT_VERSION = 1;
				GENERATE_INFOPLIST_FILE = YES;
				MARKETING_VERSION = 1.0;
				PRODUCT_BUNDLE_IDENTIFIER = fermaguzz.act4UITests;
				PRODUCT_NAME = "$(TARGET_NAME)";
				SWIFT_EMIT_LOC_STRINGS = NO;
				SWIFT_VERSION = 5.0;
				TARGETED_DEVICE_FAMILY = "1,2";
				TEST_TARGET_NAME = act4;
			};
			name = Debug;
		};
		1F5731CE2AB28458002E9A5D /* Release */ = {
			isa = XCBuildConfiguration;
			buildSettings = {
				ALWAYS_EMBED_SWIFT_STANDARD_LIBRARIES = YES;
				CODE_SIGN_STYLE = Automatic;
				CURRENT_PROJECT_VERSION = 1;
				GENERATE_INFOPLIST_FILE = YES;
				MARKETING_VERSION = 1.0;
				PRODUCT_BUNDLE_IDENTIFIER = fermaguzz.act4UITests;
				PRODUCT_NAME = "$(TARGET_NAME)";
				SWIFT_EMIT_LOC_STRINGS = NO;
				SWIFT_VERSION = 5.0;
				TARGETED_DEVICE_FAMILY = "1,2";
				TEST_TARGET_NAME = act4;
			};
			name = Release;
		};
/* End XCBuildConfiguration section */

/* Begin XCConfigurationList section */
		1F57319D2AB28455002E9A5D /* Build configuration list for PBXProject "act4" */ = {
			isa = XCConfigurationList;
			buildConfigurations = (
				1F5731C42AB28458002E9A5D /* Debug */,
				1F5731C52AB28458002E9A5D /* Release */,
			);
			defaultConfigurationIsVisible = 0;
			defaultConfigurationName = Release;
		};
		1F5731C62AB28458002E9A5D /* Build configuration list for PBXNativeTarget "act4" */ = {
			isa = XCConfigurationList;
			buildConfigurations = (
				1F5731C72AB28458002E9A5D /* Debug */,
				1F5731C82AB28458002E9A5D /* Release */,
			);
			defaultConfigurationIsVisible = 0;
			defaultConfigurationName = Release;
		};
		1F5731C92AB28458002E9A5D /* Build configuration list for PBXNativeTarget "act4Tests" */ = {
			isa = XCConfigurationList;
			buildConfigurations = (
				1F5731CA2AB28458002E9A5D /* Debug */,
				1F5731CB2AB28458002E9A5D /* Release */,
			);
			defaultConfigurationIsVisible = 0;
			defaultConfigurationName = Release;
		};
		1F5731CC2AB28458002E9A5D /* Build configuration list for PBXNativeTarget "act4UITests" */ = {
			isa = XCConfigurationList;
			buildConfigurations = (
				1F5731CD2AB28458002E9A5D /* Debug */,
				1F5731CE2AB28458002E9A5D /* Release */,
			);
			defaultConfigurationIsVisible = 0;
			defaultConfigurationName = Release;
		};
/* End XCConfigurationList section */
	};
	rootObject = 1F57319A2AB28455002E9A5D /* Project object */;
}
